<Solution>
  <Folder Name="/src/">
    <Project Path="src/Subconscious.Desktop/Subconscious.Desktop.csproj" />
    <Project Path="src/Subconscious.Desktop.Tray/Subconscious.Desktop.Tray.csproj" />
    <Project Path="src/Subconscious.Engine/Subconscious.Engine.csproj" />
    <Project Path="src/Subconscious.Host.Cli/Subconscious.Host.Cli.csproj" />
    <Project Path="src/Subconscious.Tools.Desktop/Subconscious.Tools.Desktop.csproj" />
  </Folder>
  <Folder Name="/tests/">
    <Project Path="tests/Subconscious.Engine.Tests/Subconscious.Engine.Tests.csproj" />
  </Folder>
</Solution>
